
Microsoft Visual Studio Solution File, Format Version 12.00
# Visual Studio Version 17
VisualStudioVersion = 17.8.34330.188
MinimumVisualStudioVersion = 10.0.40219.1
Project("{FAE04EC0-301F-11D3-BF4B-00C04F79EFBC}") = "SortowanieBabelkowe", "SortowanieBabelkowe.csproj", "{C3F4E9B6-7324-45D6-9305-28352FB7B174}"
EndProject
Global
	GlobalSection(SolutionConfigurationPlatforms) = preSolution
		Debug|Any CPU = Debug|Any CPU
		Release|Any CPU = Release|Any CPU
	EndGlobalSection
	GlobalSection(ProjectConfigurationPlatforms) = postSolution
		{C3F4E9B6-7324-45D6-9305-28352FB7B174}.Debug|Any CPU.ActiveCfg = Debug|Any CPU
		{C3F4E9B6-7324-45D6-9305-28352FB7B174}.Debug|Any CPU.Build.0 = Debug|Any CPU
		{C3F4E9B6-7324-45D6-9305-28352FB7B174}.Release|Any CPU.ActiveCfg = Release|Any CPU
		{C3F4E9B6-7324-45D6-9305-28352FB7B174}.Release|Any CPU.Build.0 = Release|Any CPU
	EndGlobalSection
	GlobalSection(SolutionProperties) = preSolution
		HideSolutionNode = FALSE
	EndGlobalSection
	GlobalSection(ExtensibilityGlobals) = postSolution
		SolutionGuid = {1E3B6B0A-1FEC-4B07-94A8-E7E98A97B7B6}
	EndGlobalSection
EndGlobal
