
Microsoft Visual Studio Solution File, Format Version 12.00
# Visual Studio Version 17
VisualStudioVersion = 17.8.34330.188
MinimumVisualStudioVersion = 10.0.40219.1
Project("{FAE04EC0-301F-11D3-BF4B-00C04F79EFBC}") = "Trening do kolosa", "Trening do kolosa.csproj", "{2264391C-587B-4ACF-828F-D8DC48F2C8DC}"
EndProject
Global
	GlobalSection(SolutionConfigurationPlatforms) = preSolution
		Debug|Any CPU = Debug|Any CPU
		Release|Any CPU = Release|Any CPU
	EndGlobalSection
	GlobalSection(ProjectConfigurationPlatforms) = postSolution
		{2264391C-587B-4ACF-828F-D8DC48F2C8DC}.Debug|Any CPU.ActiveCfg = Debug|Any CPU
		{2264391C-587B-4ACF-828F-D8DC48F2C8DC}.Debug|Any CPU.Build.0 = Debug|Any CPU
		{2264391C-587B-4ACF-828F-D8DC48F2C8DC}.Release|Any CPU.ActiveCfg = Release|Any CPU
		{2264391C-587B-4ACF-828F-D8DC48F2C8DC}.Release|Any CPU.Build.0 = Release|Any CPU
	EndGlobalSection
	GlobalSection(SolutionProperties) = preSolution
		HideSolutionNode = FALSE
	EndGlobalSection
	GlobalSection(ExtensibilityGlobals) = postSolution
		SolutionGuid = {0D306B3F-9938-4017-8AB5-C9F8230B53D0}
	EndGlobalSection
EndGlobal
