
Microsoft Visual Studio Solution File, Format Version 12.00
# Visual Studio Version 17
VisualStudioVersion = 17.8.34330.188
MinimumVisualStudioVersion = 10.0.40219.1
Project("{FAE04EC0-301F-11D3-BF4B-00C04F79EFBC}") = "Projekt Pacjenci - Lekarze", "Projekt Pacjenci - Lekarze.csproj", "{24263A0A-7E14-4913-8917-E99C68C98506}"
EndProject
Global
	GlobalSection(SolutionConfigurationPlatforms) = preSolution
		Debug|Any CPU = Debug|Any CPU
		Release|Any CPU = Release|Any CPU
	EndGlobalSection
	GlobalSection(ProjectConfigurationPlatforms) = postSolution
		{24263A0A-7E14-4913-8917-E99C68C98506}.Debug|Any CPU.ActiveCfg = Debug|Any CPU
		{24263A0A-7E14-4913-8917-E99C68C98506}.Debug|Any CPU.Build.0 = Debug|Any CPU
		{24263A0A-7E14-4913-8917-E99C68C98506}.Release|Any CPU.ActiveCfg = Release|Any CPU
		{24263A0A-7E14-4913-8917-E99C68C98506}.Release|Any CPU.Build.0 = Release|Any CPU
	EndGlobalSection
	GlobalSection(SolutionProperties) = preSolution
		HideSolutionNode = FALSE
	EndGlobalSection
	GlobalSection(ExtensibilityGlobals) = postSolution
		SolutionGuid = {B7D9F774-0320-4F6C-91C1-4CB0693469EE}
	EndGlobalSection
EndGlobal
